PODS:
  - FBSnapshotTestCase (2.1.4):
    - FBSnapshotTestCase/SwiftSupport (= 2.1.4)
  - FBSnapshotTestCase/Core (2.1.4)
  - FBSnapshotTestCase/SwiftSupport (2.1.4):
    - FBSnapshotTestCase/Core
  - HbuyKit (1.0.0)

DEPENDENCIES:
  - FBSnapshotTestCase
  - HbuyKit (from `../`)

SPEC REPOS:
  trunk:
    - FBSnapshotTestCase

EXTERNAL SOURCES:
  HbuyKit:
    :path: "../"

SPEC CHECKSUMS:
  FBSnapshotTestCase: 094f9f314decbabe373b87cc339bea235a63e07a
  HbuyKit: 803c75d71cc8e42f02a034cfcfaf4e29a7c3c6e6

PODFILE CHECKSUM: 74d7dba448cbf5381ffb878ca2d73ebe7c582ce0

COCOAPODS: 1.9.3
